
Microsoft Visual Studio Solution File, Format Version 12.00
# Visual Studio Version 16
VisualStudioVersion = 16.0.30204.135
MinimumVisualStudioVersion = 10.0.40219.1
Project("{FAE04EC0-301F-11D3-BF4B-00C04F79EFBC}") = "PriceCalculator.App", "PriceCalculator\PriceCalculator.App.csproj", "{E1505C54-BB04-4E14-AA5C-2E53F4E0BA61}"
EndProject
Project("{FAE04EC0-301F-11D3-BF4B-00C04F79EFBC}") = "PriceCalculator.Test", "PriceCalculator.Test\PriceCalculator.Test.csproj", "{DCA419FB-F7C4-419F-B55C-E794C2AA4001}"
EndProject
Global
	GlobalSection(SolutionConfigurationPlatforms) = preSolution
		Debug|Any CPU = Debug|Any CPU
		Release|Any CPU = Release|Any CPU
	EndGlobalSection
	GlobalSection(ProjectConfigurationPlatforms) = postSolution
		{E1505C54-BB04-4E14-AA5C-2E53F4E0BA61}.Debug|Any CPU.ActiveCfg = Debug|Any CPU
		{E1505C54-BB04-4E14-AA5C-2E53F4E0BA61}.Debug|Any CPU.Build.0 = Debug|Any CPU
		{E1505C54-BB04-4E14-AA5C-2E53F4E0BA61}.Release|Any CPU.ActiveCfg = Release|Any CPU
		{E1505C54-BB04-4E14-AA5C-2E53F4E0BA61}.Release|Any CPU.Build.0 = Release|Any CPU
		{DCA419FB-F7C4-419F-B55C-E794C2AA4001}.Debug|Any CPU.ActiveCfg = Debug|Any CPU
		{DCA419FB-F7C4-419F-B55C-E794C2AA4001}.Debug|Any CPU.Build.0 = Debug|Any CPU
		{DCA419FB-F7C4-419F-B55C-E794C2AA4001}.Release|Any CPU.ActiveCfg = Release|Any CPU
		{DCA419FB-F7C4-419F-B55C-E794C2AA4001}.Release|Any CPU.Build.0 = Release|Any CPU
	EndGlobalSection
	GlobalSection(SolutionProperties) = preSolution
		HideSolutionNode = FALSE
	EndGlobalSection
	GlobalSection(ExtensibilityGlobals) = postSolution
		SolutionGuid = {37451E2B-1388-4D30-B0D8-9E9A4357704E}
	EndGlobalSection
EndGlobal
